
Microsoft Visual Studio Solution File, Format Version 12.00
# Visual Studio Version 18
VisualStudioVersion = 18.1.11312.151
MinimumVisualStudioVersion = 10.0.40219.1
Project("{FAE04EC0-301F-11D3-BF4B-00C04F79EFBC}") = "NugetRepoReadme", "NugetRepoReadme\NugetRepoReadme.csproj", "{09114F3E-3844-4BE8-956A-9D05EE5379D7}"
EndProject
Project("{FAE04EC0-301F-11D3-BF4B-00C04F79EFBC}") = "Tests", "Tests\Tests.csproj", "{4A099805-C593-47C0-97E8-9CBEEA14F191}"
EndProject
Project("{FAE04EC0-301F-11D3-BF4B-00C04F79EFBC}") = "EndToEndTests", "EndToEndTests\EndToEndTests.csproj", "{80B7D972-9951-48BC-97BE-B8FF35570867}"
	ProjectSection(ProjectDependencies) = postProject
		{09114F3E-3844-4BE8-956A-9D05EE5379D7} = {09114F3E-3844-4BE8-956A-9D05EE5379D7}
	EndProjectSection
EndProject
Project("{2150E333-8FDC-42A3-9474-1A3956D46DE8}") = "Solution Items", "Solution Items", "{8EC462FD-D22E-90A8-E5CE-7E832BA40C5D}"
	ProjectSection(SolutionItems) = preProject
		dev-msbuild-readme.md = dev-msbuild-readme.md
		dev-packaging-this-project.md = dev-packaging-this-project.md
		dev-readmes-readme.md = dev-readmes-readme.md
		README.md = README.md
	EndProjectSection
EndProject
Project("{FAE04EC0-301F-11D3-BF4B-00C04F79EFBC}") = "MSBuildTaskTestHelpers", "MSBuildTaskTestHelpers\MSBuildTaskTestHelpers.csproj", "{6016AAB6-2440-47B4-87B5-8A95B9D79772}"
EndProject
Project("{FAE04EC0-301F-11D3-BF4B-00C04F79EFBC}") = "NugetTests", "NugetTests\NugetTests.csproj", "{6B81FA69-71DB-4EA8-BA8D-49B51BF39A58}"
EndProject
Project("{FAE04EC0-301F-11D3-BF4B-00C04F79EFBC}") = "ReadmeRewriterCLI", "ReadmeRewriterCLI\ReadmeRewriterCLI.csproj", "{D4180573-81A7-4895-A3B5-08FF86E84867}"
EndProject
Project("{FAE04EC0-301F-11D3-BF4B-00C04F79EFBC}") = "RepoReadmeRewriter", "RepoReadmeRewriter\RepoReadmeRewriter.csproj", "{62981E44-5851-4F56-8E68-4DC678A1DD34}"
EndProject
Global
	GlobalSection(SolutionConfigurationPlatforms) = preSolution
		Debug|Any CPU = Debug|Any CPU
		IntegrationTests|Any CPU = IntegrationTests|Any CPU
		Release|Any CPU = Release|Any CPU
	EndGlobalSection
	GlobalSection(ProjectConfigurationPlatforms) = postSolution
		{09114F3E-3844-4BE8-956A-9D05EE5379D7}.Debug|Any CPU.ActiveCfg = Debug|Any CPU
		{09114F3E-3844-4BE8-956A-9D05EE5379D7}.Debug|Any CPU.Build.0 = Debug|Any CPU
		{09114F3E-3844-4BE8-956A-9D05EE5379D7}.IntegrationTests|Any CPU.ActiveCfg = Release|Any CPU
		{09114F3E-3844-4BE8-956A-9D05EE5379D7}.IntegrationTests|Any CPU.Build.0 = Release|Any CPU
		{09114F3E-3844-4BE8-956A-9D05EE5379D7}.Release|Any CPU.ActiveCfg = Release|Any CPU
		{09114F3E-3844-4BE8-956A-9D05EE5379D7}.Release|Any CPU.Build.0 = Release|Any CPU
		{4A099805-C593-47C0-97E8-9CBEEA14F191}.Debug|Any CPU.ActiveCfg = Debug|Any CPU
		{4A099805-C593-47C0-97E8-9CBEEA14F191}.Debug|Any CPU.Build.0 = Debug|Any CPU
		{4A099805-C593-47C0-97E8-9CBEEA14F191}.IntegrationTests|Any CPU.ActiveCfg = Debug|Any CPU
		{4A099805-C593-47C0-97E8-9CBEEA14F191}.IntegrationTests|Any CPU.Build.0 = Debug|Any CPU
		{4A099805-C593-47C0-97E8-9CBEEA14F191}.Release|Any CPU.ActiveCfg = Release|Any CPU
		{4A099805-C593-47C0-97E8-9CBEEA14F191}.Release|Any CPU.Build.0 = Release|Any CPU
		{80B7D972-9951-48BC-97BE-B8FF35570867}.Debug|Any CPU.ActiveCfg = Debug|Any CPU
		{80B7D972-9951-48BC-97BE-B8FF35570867}.Debug|Any CPU.Build.0 = Debug|Any CPU
		{80B7D972-9951-48BC-97BE-B8FF35570867}.IntegrationTests|Any CPU.ActiveCfg = Debug|Any CPU
		{80B7D972-9951-48BC-97BE-B8FF35570867}.IntegrationTests|Any CPU.Build.0 = Debug|Any CPU
		{80B7D972-9951-48BC-97BE-B8FF35570867}.Release|Any CPU.ActiveCfg = Release|Any CPU
		{80B7D972-9951-48BC-97BE-B8FF35570867}.Release|Any CPU.Build.0 = Release|Any CPU
		{6016AAB6-2440-47B4-87B5-8A95B9D79772}.Debug|Any CPU.ActiveCfg = Debug|Any CPU
		{6016AAB6-2440-47B4-87B5-8A95B9D79772}.Debug|Any CPU.Build.0 = Debug|Any CPU
		{6016AAB6-2440-47B4-87B5-8A95B9D79772}.IntegrationTests|Any CPU.ActiveCfg = Debug|Any CPU
		{6016AAB6-2440-47B4-87B5-8A95B9D79772}.IntegrationTests|Any CPU.Build.0 = Debug|Any CPU
		{6016AAB6-2440-47B4-87B5-8A95B9D79772}.Release|Any CPU.ActiveCfg = Release|Any CPU
		{6016AAB6-2440-47B4-87B5-8A95B9D79772}.Release|Any CPU.Build.0 = Release|Any CPU
		{6B81FA69-71DB-4EA8-BA8D-49B51BF39A58}.Debug|Any CPU.ActiveCfg = Debug|Any CPU
		{6B81FA69-71DB-4EA8-BA8D-49B51BF39A58}.Debug|Any CPU.Build.0 = Debug|Any CPU
		{6B81FA69-71DB-4EA8-BA8D-49B51BF39A58}.IntegrationTests|Any CPU.ActiveCfg = Debug|Any CPU
		{6B81FA69-71DB-4EA8-BA8D-49B51BF39A58}.IntegrationTests|Any CPU.Build.0 = Debug|Any CPU
		{6B81FA69-71DB-4EA8-BA8D-49B51BF39A58}.Release|Any CPU.ActiveCfg = Release|Any CPU
		{6B81FA69-71DB-4EA8-BA8D-49B51BF39A58}.Release|Any CPU.Build.0 = Release|Any CPU
		{D4180573-81A7-4895-A3B5-08FF86E84867}.Debug|Any CPU.ActiveCfg = Debug|Any CPU
		{D4180573-81A7-4895-A3B5-08FF86E84867}.Debug|Any CPU.Build.0 = Debug|Any CPU
		{D4180573-81A7-4895-A3B5-08FF86E84867}.IntegrationTests|Any CPU.ActiveCfg = Debug|Any CPU
		{D4180573-81A7-4895-A3B5-08FF86E84867}.IntegrationTests|Any CPU.Build.0 = Debug|Any CPU
		{D4180573-81A7-4895-A3B5-08FF86E84867}.Release|Any CPU.ActiveCfg = Release|Any CPU
		{D4180573-81A7-4895-A3B5-08FF86E84867}.Release|Any CPU.Build.0 = Release|Any CPU
		{62981E44-5851-4F56-8E68-4DC678A1DD34}.Debug|Any CPU.ActiveCfg = Debug|Any CPU
		{62981E44-5851-4F56-8E68-4DC678A1DD34}.Debug|Any CPU.Build.0 = Debug|Any CPU
		{62981E44-5851-4F56-8E68-4DC678A1DD34}.IntegrationTests|Any CPU.ActiveCfg = Debug|Any CPU
		{62981E44-5851-4F56-8E68-4DC678A1DD34}.IntegrationTests|Any CPU.Build.0 = Debug|Any CPU
		{62981E44-5851-4F56-8E68-4DC678A1DD34}.Release|Any CPU.ActiveCfg = Release|Any CPU
		{62981E44-5851-4F56-8E68-4DC678A1DD34}.Release|Any CPU.Build.0 = Release|Any CPU
	EndGlobalSection
	GlobalSection(SolutionProperties) = preSolution
		HideSolutionNode = FALSE
	EndGlobalSection
	GlobalSection(ExtensibilityGlobals) = postSolution
		SolutionGuid = {5F1FCB60-8245-4FF5-BD27-3DBFB5EDCA55}
	EndGlobalSection
EndGlobal
